
Microsoft Visual Studio Solution File, Format Version 12.00
# Visual Studio 15
VisualStudioVersion = 15.0.27004.2009
MinimumVisualStudioVersion = 10.0.40219.1
Project("{8BC9CEB8-8B4A-11D0-8D11-00A0C91BC942}") = "czy_parzysta", "czy_parzysta\czy_parzysta.vcxproj", "{9A334881-AEB9-4AB9-AB7F-C18D0F47D514}"
EndProject
Project("{8BC9CEB8-8B4A-11D0-8D11-00A0C91BC942}") = "ktora_wieksza", "ktora_wieksza\ktora_wieksza.vcxproj", "{B3A16C1B-DA72-432A-B23A-A2D51A4E58F4}"
EndProject
Project("{8BC9CEB8-8B4A-11D0-8D11-00A0C91BC942}") = "10_liczb_parzystych", "10_liczb_parzystych\10_liczb_parzystych.vcxproj", "{E10ACBA7-831A-47DE-B506-977655D0324F}"
EndProject
Project("{8BC9CEB8-8B4A-11D0-8D11-00A0C91BC942}") = "5_liczb_calkowitych", "5_liczb_calkowitych\5_liczb_calkowitych.vcxproj", "{C5C1699D-C17C-4514-94E1-31989DF6768B}"
EndProject
Global
	GlobalSection(SolutionConfigurationPlatforms) = preSolution
		Debug|x64 = Debug|x64
		Debug|x86 = Debug|x86
		Release|x64 = Release|x64
		Release|x86 = Release|x86
	EndGlobalSection
	GlobalSection(ProjectConfigurationPlatforms) = postSolution
		{9A334881-AEB9-4AB9-AB7F-C18D0F47D514}.Debug|x64.ActiveCfg = Debug|x64
		{9A334881-AEB9-4AB9-AB7F-C18D0F47D514}.Debug|x64.Build.0 = Debug|x64
		{9A334881-AEB9-4AB9-AB7F-C18D0F47D514}.Debug|x86.ActiveCfg = Debug|Win32
		{9A334881-AEB9-4AB9-AB7F-C18D0F47D514}.Debug|x86.Build.0 = Debug|Win32
		{9A334881-AEB9-4AB9-AB7F-C18D0F47D514}.Release|x64.ActiveCfg = Release|x64
		{9A334881-AEB9-4AB9-AB7F-C18D0F47D514}.Release|x64.Build.0 = Release|x64
		{9A334881-AEB9-4AB9-AB7F-C18D0F47D514}.Release|x86.ActiveCfg = Release|Win32
		{9A334881-AEB9-4AB9-AB7F-C18D0F47D514}.Release|x86.Build.0 = Release|Win32
		{B3A16C1B-DA72-432A-B23A-A2D51A4E58F4}.Debug|x64.ActiveCfg = Debug|x64
		{B3A16C1B-DA72-432A-B23A-A2D51A4E58F4}.Debug|x64.Build.0 = Debug|x64
		{B3A16C1B-DA72-432A-B23A-A2D51A4E58F4}.Debug|x86.ActiveCfg = Debug|Win32
		{B3A16C1B-DA72-432A-B23A-A2D51A4E58F4}.Debug|x86.Build.0 = Debug|Win32
		{B3A16C1B-DA72-432A-B23A-A2D51A4E58F4}.Release|x64.ActiveCfg = Release|x64
		{B3A16C1B-DA72-432A-B23A-A2D51A4E58F4}.Release|x64.Build.0 = Release|x64
		{B3A16C1B-DA72-432A-B23A-A2D51A4E58F4}.Release|x86.ActiveCfg = Release|Win32
		{B3A16C1B-DA72-432A-B23A-A2D51A4E58F4}.Release|x86.Build.0 = Release|Win32
		{E10ACBA7-831A-47DE-B506-977655D0324F}.Debug|x64.ActiveCfg = Debug|x64
		{E10ACBA7-831A-47DE-B506-977655D0324F}.Debug|x64.Build.0 = Debug|x64
		{E10ACBA7-831A-47DE-B506-977655D0324F}.Debug|x86.ActiveCfg = Debug|Win32
		{E10ACBA7-831A-47DE-B506-977655D0324F}.Debug|x86.Build.0 = Debug|Win32
		{E10ACBA7-831A-47DE-B506-977655D0324F}.Release|x64.ActiveCfg = Release|x64
		{E10ACBA7-831A-47DE-B506-977655D0324F}.Release|x64.Build.0 = Release|x64
		{E10ACBA7-831A-47DE-B506-977655D0324F}.Release|x86.ActiveCfg = Release|Win32
		{E10ACBA7-831A-47DE-B506-977655D0324F}.Release|x86.Build.0 = Release|Win32
		{C5C1699D-C17C-4514-94E1-31989DF6768B}.Debug|x64.ActiveCfg = Debug|x64
		{C5C1699D-C17C-4514-94E1-31989DF6768B}.Debug|x64.Build.0 = Debug|x64
		{C5C1699D-C17C-4514-94E1-31989DF6768B}.Debug|x86.ActiveCfg = Debug|Win32
		{C5C1699D-C17C-4514-94E1-31989DF6768B}.Debug|x86.Build.0 = Debug|Win32
		{C5C1699D-C17C-4514-94E1-31989DF6768B}.Release|x64.ActiveCfg = Release|x64
		{C5C1699D-C17C-4514-94E1-31989DF6768B}.Release|x64.Build.0 = Release|x64
		{C5C1699D-C17C-4514-94E1-31989DF6768B}.Release|x86.ActiveCfg = Release|Win32
		{C5C1699D-C17C-4514-94E1-31989DF6768B}.Release|x86.Build.0 = Release|Win32
	EndGlobalSection
	GlobalSection(SolutionProperties) = preSolution
		HideSolutionNode = FALSE
	EndGlobalSection
	GlobalSection(ExtensibilityGlobals) = postSolution
		SolutionGuid = {A2D9A05B-82F9-4117-969D-61E3451886D7}
	EndGlobalSection
EndGlobal
