
Microsoft Visual Studio Solution File, Format Version 12.00
# Visual Studio 15
VisualStudioVersion = 15.0.27004.2009
MinimumVisualStudioVersion = 10.0.40219.1
Project("{8BC9CEB8-8B4A-11D0-8D11-00A0C91BC942}") = "czy_parzysta", "czy_parzysta\czy_parzysta.vcxproj", "{9A334881-AEB9-4AB9-AB7F-C18D0F47D514}"
EndProject
Project("{8BC9CEB8-8B4A-11D0-8D11-00A0C91BC942}") = "ktora_wieksza", "ktora_wieksza\ktora_wieksza.vcxproj", "{B3A16C1B-DA72-432A-B23A-A2D51A4E58F4}"
EndProject
Project("{8BC9CEB8-8B4A-11D0-8D11-00A0C91BC942}") = "10_liczb_parzystych", "10_liczb_parzystych\10_liczb_parzystych.vcxproj", "{E10ACBA7-831A-47DE-B506-977655D0324F}"
EndProject
Project("{8BC9CEB8-8B4A-11D0-8D11-00A0C91BC942}") = "5_liczb_calkowitych", "5_liczb_calkowitych\5_liczb_calkowitych.vcxproj", "{C5C1699D-C17C-4514-94E1-31989DF6768B}"
EndProject
Project("{8BC9CEB8-8B4A-11D0-8D11-00A0C91BC942}") = "wypisz_calkowite", "wypisz_calkowite\wypisz_calkowite.vcxproj", "{5D21DFE1-4A36-4265-91C6-6C4A061BFD96}"
EndProject
Project("{8BC9CEB8-8B4A-11D0-8D11-00A0C91BC942}") = "funkcje", "funkcje\funkcje.vcxproj", "{4AE6E9E6-C646-40A4-B073-967E9B42DD2A}"
EndProject
Project("{8BC9CEB8-8B4A-11D0-8D11-00A0C91BC942}") = "zadania", "zadania\zadania.vcxproj", "{684F17E1-8457-44CD-88E9-750B75313015}"
EndProject
Project("{8BC9CEB8-8B4A-11D0-8D11-00A0C91BC942}") = "losowanie_do_tablicy", "losowanie_do_tablicy\losowanie_do_tablicy.vcxproj", "{82882171-6014-4CD9-A392-ACE32DCBC625}"
EndProject
Project("{8BC9CEB8-8B4A-11D0-8D11-00A0C91BC942}") = "losowanie_liczby", "losowanie_liczby\losowanie_liczby.vcxproj", "{BB9FCE27-550A-4AB1-ACF4-3BD7FB0E0B38}"
EndProject
Project("{8BC9CEB8-8B4A-11D0-8D11-00A0C91BC942}") = "PrzesunElementyTablicy", "PrzesunElementyTablicy\PrzesunElementyTablicy.vcxproj", "{46FDA899-C59B-46E9-B249-04FC7F1F4306}"
EndProject
Project("{8BC9CEB8-8B4A-11D0-8D11-00A0C91BC942}") = "mala_litera", "mala_litera\mala_litera.vcxproj", "{C679D255-EF01-4B69-BDB7-9F832DA95AC2}"
EndProject
Project("{8BC9CEB8-8B4A-11D0-8D11-00A0C91BC942}") = "wczytanie_znaku", "wczytanie_znaku\wczytanie_znaku.vcxproj", "{EF76EA63-4F88-4518-98DC-D83E44FEC684}"
EndProject
Project("{8BC9CEB8-8B4A-11D0-8D11-00A0C91BC942}") = "dodawanie_liczb", "dodawanie_liczb\dodawanie_liczb.vcxproj", "{1BC2E37D-1816-4267-82C6-D1156F4565AA}"
EndProject
Project("{8BC9CEB8-8B4A-11D0-8D11-00A0C91BC942}") = "kod_pocztowy", "kod_pocztowy\kod_pocztowy.vcxproj", "{0F7EA9D5-4E43-4CD4-9A73-25AB7CC8F5CC}"
EndProject
Project("{8BC9CEB8-8B4A-11D0-8D11-00A0C91BC942}") = "wyrazenie_znak", "wyrazenie_znak\wyrazenie_znak.vcxproj", "{BB8B63E9-7DE1-4871-B644-4CFEFEE4022C}"
EndProject
Project("{8BC9CEB8-8B4A-11D0-8D11-00A0C91BC942}") = "ile_znakow", "ile_znakow\ile_znakow.vcxproj", "{283E3ADE-6AD0-41A4-B66B-C859F921BDB5}"
EndProject
Project("{8BC9CEB8-8B4A-11D0-8D11-00A0C91BC942}") = "czas", "czas\czas.vcxproj", "{8ACE07AA-100B-44E7-9A1F-8444224B141E}"
EndProject
Project("{8BC9CEB8-8B4A-11D0-8D11-00A0C91BC942}") = "pole_prost_int", "pole_prost_int\pole_prost_int.vcxproj", "{74B107A6-082A-49E0-AB1D-A20C485E2318}"
EndProject
Project("{8BC9CEB8-8B4A-11D0-8D11-00A0C91BC942}") = "pole_prost_calk", "pole_prost_calk\pole_prost_calk.vcxproj", "{D4A2CBD6-09B2-41C0-B112-C92C3DB0CF45}"
EndProject
Project("{8BC9CEB8-8B4A-11D0-8D11-00A0C91BC942}") = "adres_zmiennej", "adres_zmiennej\adres_zmiennej.vcxproj", "{74233D51-1F55-481D-804B-C5C4A81247B4}"
EndProject
Project("{8BC9CEB8-8B4A-11D0-8D11-00A0C91BC942}") = "adres_i_wartosc_zmiennej", "adres_i_wartosc_zmiennej\adres_i_wartosc_zmiennej.vcxproj", "{3BB8035B-D660-4E93-A472-3B2622D390D7}"
EndProject
Global
	GlobalSection(SolutionConfigurationPlatforms) = preSolution
		Debug|x64 = Debug|x64
		Debug|x86 = Debug|x86
		Release|x64 = Release|x64
		Release|x86 = Release|x86
	EndGlobalSection
	GlobalSection(ProjectConfigurationPlatforms) = postSolution
		{9A334881-AEB9-4AB9-AB7F-C18D0F47D514}.Debug|x64.ActiveCfg = Debug|x64
		{9A334881-AEB9-4AB9-AB7F-C18D0F47D514}.Debug|x64.Build.0 = Debug|x64
		{9A334881-AEB9-4AB9-AB7F-C18D0F47D514}.Debug|x86.ActiveCfg = Debug|Win32
		{9A334881-AEB9-4AB9-AB7F-C18D0F47D514}.Debug|x86.Build.0 = Debug|Win32
		{9A334881-AEB9-4AB9-AB7F-C18D0F47D514}.Release|x64.ActiveCfg = Release|x64
		{9A334881-AEB9-4AB9-AB7F-C18D0F47D514}.Release|x64.Build.0 = Release|x64
		{9A334881-AEB9-4AB9-AB7F-C18D0F47D514}.Release|x86.ActiveCfg = Release|Win32
		{9A334881-AEB9-4AB9-AB7F-C18D0F47D514}.Release|x86.Build.0 = Release|Win32
		{B3A16C1B-DA72-432A-B23A-A2D51A4E58F4}.Debug|x64.ActiveCfg = Debug|x64
		{B3A16C1B-DA72-432A-B23A-A2D51A4E58F4}.Debug|x64.Build.0 = Debug|x64
		{B3A16C1B-DA72-432A-B23A-A2D51A4E58F4}.Debug|x86.ActiveCfg = Debug|Win32
		{B3A16C1B-DA72-432A-B23A-A2D51A4E58F4}.Debug|x86.Build.0 = Debug|Win32
		{B3A16C1B-DA72-432A-B23A-A2D51A4E58F4}.Release|x64.ActiveCfg = Release|x64
		{B3A16C1B-DA72-432A-B23A-A2D51A4E58F4}.Release|x64.Build.0 = Release|x64
		{B3A16C1B-DA72-432A-B23A-A2D51A4E58F4}.Release|x86.ActiveCfg = Release|Win32
		{B3A16C1B-DA72-432A-B23A-A2D51A4E58F4}.Release|x86.Build.0 = Release|Win32
		{E10ACBA7-831A-47DE-B506-977655D0324F}.Debug|x64.ActiveCfg = Debug|x64
		{E10ACBA7-831A-47DE-B506-977655D0324F}.Debug|x64.Build.0 = Debug|x64
		{E10ACBA7-831A-47DE-B506-977655D0324F}.Debug|x86.ActiveCfg = Debug|Win32
		{E10ACBA7-831A-47DE-B506-977655D0324F}.Debug|x86.Build.0 = Debug|Win32
		{E10ACBA7-831A-47DE-B506-977655D0324F}.Release|x64.ActiveCfg = Release|x64
		{E10ACBA7-831A-47DE-B506-977655D0324F}.Release|x64.Build.0 = Release|x64
		{E10ACBA7-831A-47DE-B506-977655D0324F}.Release|x86.ActiveCfg = Release|Win32
		{E10ACBA7-831A-47DE-B506-977655D0324F}.Release|x86.Build.0 = Release|Win32
		{C5C1699D-C17C-4514-94E1-31989DF6768B}.Debug|x64.ActiveCfg = Debug|x64
		{C5C1699D-C17C-4514-94E1-31989DF6768B}.Debug|x64.Build.0 = Debug|x64
		{C5C1699D-C17C-4514-94E1-31989DF6768B}.Debug|x86.ActiveCfg = Debug|Win32
		{C5C1699D-C17C-4514-94E1-31989DF6768B}.Debug|x86.Build.0 = Debug|Win32
		{C5C1699D-C17C-4514-94E1-31989DF6768B}.Release|x64.ActiveCfg = Release|x64
		{C5C1699D-C17C-4514-94E1-31989DF6768B}.Release|x64.Build.0 = Release|x64
		{C5C1699D-C17C-4514-94E1-31989DF6768B}.Release|x86.ActiveCfg = Release|Win32
		{C5C1699D-C17C-4514-94E1-31989DF6768B}.Release|x86.Build.0 = Release|Win32
		{5D21DFE1-4A36-4265-91C6-6C4A061BFD96}.Debug|x64.ActiveCfg = Debug|x64
		{5D21DFE1-4A36-4265-91C6-6C4A061BFD96}.Debug|x64.Build.0 = Debug|x64
		{5D21DFE1-4A36-4265-91C6-6C4A061BFD96}.Debug|x86.ActiveCfg = Debug|Win32
		{5D21DFE1-4A36-4265-91C6-6C4A061BFD96}.Debug|x86.Build.0 = Debug|Win32
		{5D21DFE1-4A36-4265-91C6-6C4A061BFD96}.Release|x64.ActiveCfg = Release|x64
		{5D21DFE1-4A36-4265-91C6-6C4A061BFD96}.Release|x64.Build.0 = Release|x64
		{5D21DFE1-4A36-4265-91C6-6C4A061BFD96}.Release|x86.ActiveCfg = Release|Win32
		{5D21DFE1-4A36-4265-91C6-6C4A061BFD96}.Release|x86.Build.0 = Release|Win32
		{4AE6E9E6-C646-40A4-B073-967E9B42DD2A}.Debug|x64.ActiveCfg = Debug|x64
		{4AE6E9E6-C646-40A4-B073-967E9B42DD2A}.Debug|x64.Build.0 = Debug|x64
		{4AE6E9E6-C646-40A4-B073-967E9B42DD2A}.Debug|x86.ActiveCfg = Debug|Win32
		{4AE6E9E6-C646-40A4-B073-967E9B42DD2A}.Debug|x86.Build.0 = Debug|Win32
		{4AE6E9E6-C646-40A4-B073-967E9B42DD2A}.Release|x64.ActiveCfg = Release|x64
		{4AE6E9E6-C646-40A4-B073-967E9B42DD2A}.Release|x64.Build.0 = Release|x64
		{4AE6E9E6-C646-40A4-B073-967E9B42DD2A}.Release|x86.ActiveCfg = Release|Win32
		{4AE6E9E6-C646-40A4-B073-967E9B42DD2A}.Release|x86.Build.0 = Release|Win32
		{684F17E1-8457-44CD-88E9-750B75313015}.Debug|x64.ActiveCfg = Debug|x64
		{684F17E1-8457-44CD-88E9-750B75313015}.Debug|x64.Build.0 = Debug|x64
		{684F17E1-8457-44CD-88E9-750B75313015}.Debug|x86.ActiveCfg = Debug|Win32
		{684F17E1-8457-44CD-88E9-750B75313015}.Debug|x86.Build.0 = Debug|Win32
		{684F17E1-8457-44CD-88E9-750B75313015}.Release|x64.ActiveCfg = Release|x64
		{684F17E1-8457-44CD-88E9-750B75313015}.Release|x64.Build.0 = Release|x64
		{684F17E1-8457-44CD-88E9-750B75313015}.Release|x86.ActiveCfg = Release|Win32
		{684F17E1-8457-44CD-88E9-750B75313015}.Release|x86.Build.0 = Release|Win32
		{82882171-6014-4CD9-A392-ACE32DCBC625}.Debug|x64.ActiveCfg = Debug|x64
		{82882171-6014-4CD9-A392-ACE32DCBC625}.Debug|x64.Build.0 = Debug|x64
		{82882171-6014-4CD9-A392-ACE32DCBC625}.Debug|x86.ActiveCfg = Debug|Win32
		{82882171-6014-4CD9-A392-ACE32DCBC625}.Debug|x86.Build.0 = Debug|Win32
		{82882171-6014-4CD9-A392-ACE32DCBC625}.Release|x64.ActiveCfg = Release|x64
		{82882171-6014-4CD9-A392-ACE32DCBC625}.Release|x64.Build.0 = Release|x64
		{82882171-6014-4CD9-A392-ACE32DCBC625}.Release|x86.ActiveCfg = Release|Win32
		{82882171-6014-4CD9-A392-ACE32DCBC625}.Release|x86.Build.0 = Release|Win32
		{BB9FCE27-550A-4AB1-ACF4-3BD7FB0E0B38}.Debug|x64.ActiveCfg = Debug|x64
		{BB9FCE27-550A-4AB1-ACF4-3BD7FB0E0B38}.Debug|x64.Build.0 = Debug|x64
		{BB9FCE27-550A-4AB1-ACF4-3BD7FB0E0B38}.Debug|x86.ActiveCfg = Debug|Win32
		{BB9FCE27-550A-4AB1-ACF4-3BD7FB0E0B38}.Debug|x86.Build.0 = Debug|Win32
		{BB9FCE27-550A-4AB1-ACF4-3BD7FB0E0B38}.Release|x64.ActiveCfg = Release|x64
		{BB9FCE27-550A-4AB1-ACF4-3BD7FB0E0B38}.Release|x64.Build.0 = Release|x64
		{BB9FCE27-550A-4AB1-ACF4-3BD7FB0E0B38}.Release|x86.ActiveCfg = Release|Win32
		{BB9FCE27-550A-4AB1-ACF4-3BD7FB0E0B38}.Release|x86.Build.0 = Release|Win32
		{46FDA899-C59B-46E9-B249-04FC7F1F4306}.Debug|x64.ActiveCfg = Debug|x64
		{46FDA899-C59B-46E9-B249-04FC7F1F4306}.Debug|x64.Build.0 = Debug|x64
		{46FDA899-C59B-46E9-B249-04FC7F1F4306}.Debug|x86.ActiveCfg = Debug|Win32
		{46FDA899-C59B-46E9-B249-04FC7F1F4306}.Debug|x86.Build.0 = Debug|Win32
		{46FDA899-C59B-46E9-B249-04FC7F1F4306}.Release|x64.ActiveCfg = Release|x64
		{46FDA899-C59B-46E9-B249-04FC7F1F4306}.Release|x64.Build.0 = Release|x64
		{46FDA899-C59B-46E9-B249-04FC7F1F4306}.Release|x86.ActiveCfg = Release|Win32
		{46FDA899-C59B-46E9-B249-04FC7F1F4306}.Release|x86.Build.0 = Release|Win32
		{C679D255-EF01-4B69-BDB7-9F832DA95AC2}.Debug|x64.ActiveCfg = Debug|x64
		{C679D255-EF01-4B69-BDB7-9F832DA95AC2}.Debug|x64.Build.0 = Debug|x64
		{C679D255-EF01-4B69-BDB7-9F832DA95AC2}.Debug|x86.ActiveCfg = Debug|Win32
		{C679D255-EF01-4B69-BDB7-9F832DA95AC2}.Debug|x86.Build.0 = Debug|Win32
		{C679D255-EF01-4B69-BDB7-9F832DA95AC2}.Release|x64.ActiveCfg = Release|x64
		{C679D255-EF01-4B69-BDB7-9F832DA95AC2}.Release|x64.Build.0 = Release|x64
		{C679D255-EF01-4B69-BDB7-9F832DA95AC2}.Release|x86.ActiveCfg = Release|Win32
		{C679D255-EF01-4B69-BDB7-9F832DA95AC2}.Release|x86.Build.0 = Release|Win32
		{EF76EA63-4F88-4518-98DC-D83E44FEC684}.Debug|x64.ActiveCfg = Debug|x64
		{EF76EA63-4F88-4518-98DC-D83E44FEC684}.Debug|x64.Build.0 = Debug|x64
		{EF76EA63-4F88-4518-98DC-D83E44FEC684}.Debug|x86.ActiveCfg = Debug|Win32
		{EF76EA63-4F88-4518-98DC-D83E44FEC684}.Debug|x86.Build.0 = Debug|Win32
		{EF76EA63-4F88-4518-98DC-D83E44FEC684}.Release|x64.ActiveCfg = Release|x64
		{EF76EA63-4F88-4518-98DC-D83E44FEC684}.Release|x64.Build.0 = Release|x64
		{EF76EA63-4F88-4518-98DC-D83E44FEC684}.Release|x86.ActiveCfg = Release|Win32
		{EF76EA63-4F88-4518-98DC-D83E44FEC684}.Release|x86.Build.0 = Release|Win32
		{1BC2E37D-1816-4267-82C6-D1156F4565AA}.Debug|x64.ActiveCfg = Debug|x64
		{1BC2E37D-1816-4267-82C6-D1156F4565AA}.Debug|x64.Build.0 = Debug|x64
		{1BC2E37D-1816-4267-82C6-D1156F4565AA}.Debug|x86.ActiveCfg = Debug|Win32
		{1BC2E37D-1816-4267-82C6-D1156F4565AA}.Debug|x86.Build.0 = Debug|Win32
		{1BC2E37D-1816-4267-82C6-D1156F4565AA}.Release|x64.ActiveCfg = Release|x64
		{1BC2E37D-1816-4267-82C6-D1156F4565AA}.Release|x64.Build.0 = Release|x64
		{1BC2E37D-1816-4267-82C6-D1156F4565AA}.Release|x86.ActiveCfg = Release|Win32
		{1BC2E37D-1816-4267-82C6-D1156F4565AA}.Release|x86.Build.0 = Release|Win32
		{0F7EA9D5-4E43-4CD4-9A73-25AB7CC8F5CC}.Debug|x64.ActiveCfg = Debug|x64
		{0F7EA9D5-4E43-4CD4-9A73-25AB7CC8F5CC}.Debug|x64.Build.0 = Debug|x64
		{0F7EA9D5-4E43-4CD4-9A73-25AB7CC8F5CC}.Debug|x86.ActiveCfg = Debug|Win32
		{0F7EA9D5-4E43-4CD4-9A73-25AB7CC8F5CC}.Debug|x86.Build.0 = Debug|Win32
		{0F7EA9D5-4E43-4CD4-9A73-25AB7CC8F5CC}.Release|x64.ActiveCfg = Release|x64
		{0F7EA9D5-4E43-4CD4-9A73-25AB7CC8F5CC}.Release|x64.Build.0 = Release|x64
		{0F7EA9D5-4E43-4CD4-9A73-25AB7CC8F5CC}.Release|x86.ActiveCfg = Release|Win32
		{0F7EA9D5-4E43-4CD4-9A73-25AB7CC8F5CC}.Release|x86.Build.0 = Release|Win32
		{BB8B63E9-7DE1-4871-B644-4CFEFEE4022C}.Debug|x64.ActiveCfg = Debug|x64
		{BB8B63E9-7DE1-4871-B644-4CFEFEE4022C}.Debug|x64.Build.0 = Debug|x64
		{BB8B63E9-7DE1-4871-B644-4CFEFEE4022C}.Debug|x86.ActiveCfg = Debug|Win32
		{BB8B63E9-7DE1-4871-B644-4CFEFEE4022C}.Debug|x86.Build.0 = Debug|Win32
		{BB8B63E9-7DE1-4871-B644-4CFEFEE4022C}.Release|x64.ActiveCfg = Release|x64
		{BB8B63E9-7DE1-4871-B644-4CFEFEE4022C}.Release|x64.Build.0 = Release|x64
		{BB8B63E9-7DE1-4871-B644-4CFEFEE4022C}.Release|x86.ActiveCfg = Release|Win32
		{BB8B63E9-7DE1-4871-B644-4CFEFEE4022C}.Release|x86.Build.0 = Release|Win32
		{283E3ADE-6AD0-41A4-B66B-C859F921BDB5}.Debug|x64.ActiveCfg = Debug|x64
		{283E3ADE-6AD0-41A4-B66B-C859F921BDB5}.Debug|x64.Build.0 = Debug|x64
		{283E3ADE-6AD0-41A4-B66B-C859F921BDB5}.Debug|x86.ActiveCfg = Debug|Win32
		{283E3ADE-6AD0-41A4-B66B-C859F921BDB5}.Debug|x86.Build.0 = Debug|Win32
		{283E3ADE-6AD0-41A4-B66B-C859F921BDB5}.Release|x64.ActiveCfg = Release|x64
		{283E3ADE-6AD0-41A4-B66B-C859F921BDB5}.Release|x64.Build.0 = Release|x64
		{283E3ADE-6AD0-41A4-B66B-C859F921BDB5}.Release|x86.ActiveCfg = Release|Win32
		{283E3ADE-6AD0-41A4-B66B-C859F921BDB5}.Release|x86.Build.0 = Release|Win32
		{8ACE07AA-100B-44E7-9A1F-8444224B141E}.Debug|x64.ActiveCfg = Debug|x64
		{8ACE07AA-100B-44E7-9A1F-8444224B141E}.Debug|x64.Build.0 = Debug|x64
		{8ACE07AA-100B-44E7-9A1F-8444224B141E}.Debug|x86.ActiveCfg = Debug|Win32
		{8ACE07AA-100B-44E7-9A1F-8444224B141E}.Debug|x86.Build.0 = Debug|Win32
		{8ACE07AA-100B-44E7-9A1F-8444224B141E}.Release|x64.ActiveCfg = Release|x64
		{8ACE07AA-100B-44E7-9A1F-8444224B141E}.Release|x64.Build.0 = Release|x64
		{8ACE07AA-100B-44E7-9A1F-8444224B141E}.Release|x86.ActiveCfg = Release|Win32
		{8ACE07AA-100B-44E7-9A1F-8444224B141E}.Release|x86.Build.0 = Release|Win32
		{74B107A6-082A-49E0-AB1D-A20C485E2318}.Debug|x64.ActiveCfg = Debug|x64
		{74B107A6-082A-49E0-AB1D-A20C485E2318}.Debug|x64.Build.0 = Debug|x64
		{74B107A6-082A-49E0-AB1D-A20C485E2318}.Debug|x86.ActiveCfg = Debug|Win32
		{74B107A6-082A-49E0-AB1D-A20C485E2318}.Debug|x86.Build.0 = Debug|Win32
		{74B107A6-082A-49E0-AB1D-A20C485E2318}.Release|x64.ActiveCfg = Release|x64
		{74B107A6-082A-49E0-AB1D-A20C485E2318}.Release|x64.Build.0 = Release|x64
		{74B107A6-082A-49E0-AB1D-A20C485E2318}.Release|x86.ActiveCfg = Release|Win32
		{74B107A6-082A-49E0-AB1D-A20C485E2318}.Release|x86.Build.0 = Release|Win32
		{D4A2CBD6-09B2-41C0-B112-C92C3DB0CF45}.Debug|x64.ActiveCfg = Debug|x64
		{D4A2CBD6-09B2-41C0-B112-C92C3DB0CF45}.Debug|x64.Build.0 = Debug|x64
		{D4A2CBD6-09B2-41C0-B112-C92C3DB0CF45}.Debug|x86.ActiveCfg = Debug|Win32
		{D4A2CBD6-09B2-41C0-B112-C92C3DB0CF45}.Debug|x86.Build.0 = Debug|Win32
		{D4A2CBD6-09B2-41C0-B112-C92C3DB0CF45}.Release|x64.ActiveCfg = Release|x64
		{D4A2CBD6-09B2-41C0-B112-C92C3DB0CF45}.Release|x64.Build.0 = Release|x64
		{D4A2CBD6-09B2-41C0-B112-C92C3DB0CF45}.Release|x86.ActiveCfg = Release|Win32
		{D4A2CBD6-09B2-41C0-B112-C92C3DB0CF45}.Release|x86.Build.0 = Release|Win32
		{74233D51-1F55-481D-804B-C5C4A81247B4}.Debug|x64.ActiveCfg = Debug|x64
		{74233D51-1F55-481D-804B-C5C4A81247B4}.Debug|x64.Build.0 = Debug|x64
		{74233D51-1F55-481D-804B-C5C4A81247B4}.Debug|x86.ActiveCfg = Debug|Win32
		{74233D51-1F55-481D-804B-C5C4A81247B4}.Debug|x86.Build.0 = Debug|Win32
		{74233D51-1F55-481D-804B-C5C4A81247B4}.Release|x64.ActiveCfg = Release|x64
		{74233D51-1F55-481D-804B-C5C4A81247B4}.Release|x64.Build.0 = Release|x64
		{74233D51-1F55-481D-804B-C5C4A81247B4}.Release|x86.ActiveCfg = Release|Win32
		{74233D51-1F55-481D-804B-C5C4A81247B4}.Release|x86.Build.0 = Release|Win32
		{3BB8035B-D660-4E93-A472-3B2622D390D7}.Debug|x64.ActiveCfg = Debug|x64
		{3BB8035B-D660-4E93-A472-3B2622D390D7}.Debug|x64.Build.0 = Debug|x64
		{3BB8035B-D660-4E93-A472-3B2622D390D7}.Debug|x86.ActiveCfg = Debug|Win32
		{3BB8035B-D660-4E93-A472-3B2622D390D7}.Debug|x86.Build.0 = Debug|Win32
		{3BB8035B-D660-4E93-A472-3B2622D390D7}.Release|x64.ActiveCfg = Release|x64
		{3BB8035B-D660-4E93-A472-3B2622D390D7}.Release|x64.Build.0 = Release|x64
		{3BB8035B-D660-4E93-A472-3B2622D390D7}.Release|x86.ActiveCfg = Release|Win32
		{3BB8035B-D660-4E93-A472-3B2622D390D7}.Release|x86.Build.0 = Release|Win32
	EndGlobalSection
	GlobalSection(SolutionProperties) = preSolution
		HideSolutionNode = FALSE
	EndGlobalSection
	GlobalSection(ExtensibilityGlobals) = postSolution
		SolutionGuid = {A2D9A05B-82F9-4117-969D-61E3451886D7}
	EndGlobalSection
EndGlobal
