
Microsoft Visual Studio Solution File, Format Version 12.00
# Visual Studio 15
VisualStudioVersion = 15.0.27004.2009
MinimumVisualStudioVersion = 10.0.40219.1
Project("{8BC9CEB8-8B4A-11D0-8D11-00A0C91BC942}") = "czy_parzysta", "czy_parzysta\czy_parzysta.vcxproj", "{9A334881-AEB9-4AB9-AB7F-C18D0F47D514}"
EndProject
Project("{8BC9CEB8-8B4A-11D0-8D11-00A0C91BC942}") = "ktora_wieksza", "ktora_wieksza\ktora_wieksza.vcxproj", "{B3A16C1B-DA72-432A-B23A-A2D51A4E58F4}"
EndProject
Project("{8BC9CEB8-8B4A-11D0-8D11-00A0C91BC942}") = "10_liczb_parzystych", "10_liczb_parzystych\10_liczb_parzystych.vcxproj", "{E10ACBA7-831A-47DE-B506-977655D0324F}"
EndProject
Project("{8BC9CEB8-8B4A-11D0-8D11-00A0C91BC942}") = "5_liczb_calkowitych", "5_liczb_calkowitych\5_liczb_calkowitych.vcxproj", "{C5C1699D-C17C-4514-94E1-31989DF6768B}"
EndProject
Project("{8BC9CEB8-8B4A-11D0-8D11-00A0C91BC942}") = "wypisz_calkowite", "wypisz_calkowite\wypisz_calkowite.vcxproj", "{5D21DFE1-4A36-4265-91C6-6C4A061BFD96}"
EndProject
Project("{8BC9CEB8-8B4A-11D0-8D11-00A0C91BC942}") = "funkcje", "funkcje\funkcje.vcxproj", "{4AE6E9E6-C646-40A4-B073-967E9B42DD2A}"
EndProject
Project("{8BC9CEB8-8B4A-11D0-8D11-00A0C91BC942}") = "zadania", "zadania\zadania.vcxproj", "{684F17E1-8457-44CD-88E9-750B75313015}"
EndProject
Project("{8BC9CEB8-8B4A-11D0-8D11-00A0C91BC942}") = "losowanie_do_tablicy", "losowanie_do_tablicy\losowanie_do_tablicy.vcxproj", "{82882171-6014-4CD9-A392-ACE32DCBC625}"
EndProject
Project("{8BC9CEB8-8B4A-11D0-8D11-00A0C91BC942}") = "losowanie_liczby", "losowanie_liczby\losowanie_liczby.vcxproj", "{BB9FCE27-550A-4AB1-ACF4-3BD7FB0E0B38}"
EndProject
Project("{8BC9CEB8-8B4A-11D0-8D11-00A0C91BC942}") = "PrzesunElementyTablicy", "PrzesunElementyTablicy\PrzesunElementyTablicy.vcxproj", "{46FDA899-C59B-46E9-B249-04FC7F1F4306}"
EndProject
Global
	GlobalSection(SolutionConfigurationPlatforms) = preSolution
		Debug|x64 = Debug|x64
		Debug|x86 = Debug|x86
		Release|x64 = Release|x64
		Release|x86 = Release|x86
	EndGlobalSection
	GlobalSection(ProjectConfigurationPlatforms) = postSolution
		{9A334881-AEB9-4AB9-AB7F-C18D0F47D514}.Debug|x64.ActiveCfg = Debug|x64
		{9A334881-AEB9-4AB9-AB7F-C18D0F47D514}.Debug|x64.Build.0 = Debug|x64
		{9A334881-AEB9-4AB9-AB7F-C18D0F47D514}.Debug|x86.ActiveCfg = Debug|Win32
		{9A334881-AEB9-4AB9-AB7F-C18D0F47D514}.Debug|x86.Build.0 = Debug|Win32
		{9A334881-AEB9-4AB9-AB7F-C18D0F47D514}.Release|x64.ActiveCfg = Release|x64
		{9A334881-AEB9-4AB9-AB7F-C18D0F47D514}.Release|x64.Build.0 = Release|x64
		{9A334881-AEB9-4AB9-AB7F-C18D0F47D514}.Release|x86.ActiveCfg = Release|Win32
		{9A334881-AEB9-4AB9-AB7F-C18D0F47D514}.Release|x86.Build.0 = Release|Win32
		{B3A16C1B-DA72-432A-B23A-A2D51A4E58F4}.Debug|x64.ActiveCfg = Debug|x64
		{B3A16C1B-DA72-432A-B23A-A2D51A4E58F4}.Debug|x64.Build.0 = Debug|x64
		{B3A16C1B-DA72-432A-B23A-A2D51A4E58F4}.Debug|x86.ActiveCfg = Debug|Win32
		{B3A16C1B-DA72-432A-B23A-A2D51A4E58F4}.Debug|x86.Build.0 = Debug|Win32
		{B3A16C1B-DA72-432A-B23A-A2D51A4E58F4}.Release|x64.ActiveCfg = Release|x64
		{B3A16C1B-DA72-432A-B23A-A2D51A4E58F4}.Release|x64.Build.0 = Release|x64
		{B3A16C1B-DA72-432A-B23A-A2D51A4E58F4}.Release|x86.ActiveCfg = Release|Win32
		{B3A16C1B-DA72-432A-B23A-A2D51A4E58F4}.Release|x86.Build.0 = Release|Win32
		{E10ACBA7-831A-47DE-B506-977655D0324F}.Debug|x64.ActiveCfg = Debug|x64
		{E10ACBA7-831A-47DE-B506-977655D0324F}.Debug|x64.Build.0 = Debug|x64
		{E10ACBA7-831A-47DE-B506-977655D0324F}.Debug|x86.ActiveCfg = Debug|Win32
		{E10ACBA7-831A-47DE-B506-977655D0324F}.Debug|x86.Build.0 = Debug|Win32
		{E10ACBA7-831A-47DE-B506-977655D0324F}.Release|x64.ActiveCfg = Release|x64
		{E10ACBA7-831A-47DE-B506-977655D0324F}.Release|x64.Build.0 = Release|x64
		{E10ACBA7-831A-47DE-B506-977655D0324F}.Release|x86.ActiveCfg = Release|Win32
		{E10ACBA7-831A-47DE-B506-977655D0324F}.Release|x86.Build.0 = Release|Win32
		{C5C1699D-C17C-4514-94E1-31989DF6768B}.Debug|x64.ActiveCfg = Debug|x64
		{C5C1699D-C17C-4514-94E1-31989DF6768B}.Debug|x64.Build.0 = Debug|x64
		{C5C1699D-C17C-4514-94E1-31989DF6768B}.Debug|x86.ActiveCfg = Debug|Win32
		{C5C1699D-C17C-4514-94E1-31989DF6768B}.Debug|x86.Build.0 = Debug|Win32
		{C5C1699D-C17C-4514-94E1-31989DF6768B}.Release|x64.ActiveCfg = Release|x64
		{C5C1699D-C17C-4514-94E1-31989DF6768B}.Release|x64.Build.0 = Release|x64
		{C5C1699D-C17C-4514-94E1-31989DF6768B}.Release|x86.ActiveCfg = Release|Win32
		{C5C1699D-C17C-4514-94E1-31989DF6768B}.Release|x86.Build.0 = Release|Win32
		{5D21DFE1-4A36-4265-91C6-6C4A061BFD96}.Debug|x64.ActiveCfg = Debug|x64
		{5D21DFE1-4A36-4265-91C6-6C4A061BFD96}.Debug|x64.Build.0 = Debug|x64
		{5D21DFE1-4A36-4265-91C6-6C4A061BFD96}.Debug|x86.ActiveCfg = Debug|Win32
		{5D21DFE1-4A36-4265-91C6-6C4A061BFD96}.Debug|x86.Build.0 = Debug|Win32
		{5D21DFE1-4A36-4265-91C6-6C4A061BFD96}.Release|x64.ActiveCfg = Release|x64
		{5D21DFE1-4A36-4265-91C6-6C4A061BFD96}.Release|x64.Build.0 = Release|x64
		{5D21DFE1-4A36-4265-91C6-6C4A061BFD96}.Release|x86.ActiveCfg = Release|Win32
		{5D21DFE1-4A36-4265-91C6-6C4A061BFD96}.Release|x86.Build.0 = Release|Win32
		{4AE6E9E6-C646-40A4-B073-967E9B42DD2A}.Debug|x64.ActiveCfg = Debug|x64
		{4AE6E9E6-C646-40A4-B073-967E9B42DD2A}.Debug|x64.Build.0 = Debug|x64
		{4AE6E9E6-C646-40A4-B073-967E9B42DD2A}.Debug|x86.ActiveCfg = Debug|Win32
		{4AE6E9E6-C646-40A4-B073-967E9B42DD2A}.Debug|x86.Build.0 = Debug|Win32
		{4AE6E9E6-C646-40A4-B073-967E9B42DD2A}.Release|x64.ActiveCfg = Release|x64
		{4AE6E9E6-C646-40A4-B073-967E9B42DD2A}.Release|x64.Build.0 = Release|x64
		{4AE6E9E6-C646-40A4-B073-967E9B42DD2A}.Release|x86.ActiveCfg = Release|Win32
		{4AE6E9E6-C646-40A4-B073-967E9B42DD2A}.Release|x86.Build.0 = Release|Win32
		{684F17E1-8457-44CD-88E9-750B75313015}.Debug|x64.ActiveCfg = Debug|x64
		{684F17E1-8457-44CD-88E9-750B75313015}.Debug|x64.Build.0 = Debug|x64
		{684F17E1-8457-44CD-88E9-750B75313015}.Debug|x86.ActiveCfg = Debug|Win32
		{684F17E1-8457-44CD-88E9-750B75313015}.Debug|x86.Build.0 = Debug|Win32
		{684F17E1-8457-44CD-88E9-750B75313015}.Release|x64.ActiveCfg = Release|x64
		{684F17E1-8457-44CD-88E9-750B75313015}.Release|x64.Build.0 = Release|x64
		{684F17E1-8457-44CD-88E9-750B75313015}.Release|x86.ActiveCfg = Release|Win32
		{684F17E1-8457-44CD-88E9-750B75313015}.Release|x86.Build.0 = Release|Win32
		{82882171-6014-4CD9-A392-ACE32DCBC625}.Debug|x64.ActiveCfg = Debug|x64
		{82882171-6014-4CD9-A392-ACE32DCBC625}.Debug|x64.Build.0 = Debug|x64
		{82882171-6014-4CD9-A392-ACE32DCBC625}.Debug|x86.ActiveCfg = Debug|Win32
		{82882171-6014-4CD9-A392-ACE32DCBC625}.Debug|x86.Build.0 = Debug|Win32
		{82882171-6014-4CD9-A392-ACE32DCBC625}.Release|x64.ActiveCfg = Release|x64
		{82882171-6014-4CD9-A392-ACE32DCBC625}.Release|x64.Build.0 = Release|x64
		{82882171-6014-4CD9-A392-ACE32DCBC625}.Release|x86.ActiveCfg = Release|Win32
		{82882171-6014-4CD9-A392-ACE32DCBC625}.Release|x86.Build.0 = Release|Win32
		{BB9FCE27-550A-4AB1-ACF4-3BD7FB0E0B38}.Debug|x64.ActiveCfg = Debug|x64
		{BB9FCE27-550A-4AB1-ACF4-3BD7FB0E0B38}.Debug|x64.Build.0 = Debug|x64
		{BB9FCE27-550A-4AB1-ACF4-3BD7FB0E0B38}.Debug|x86.ActiveCfg = Debug|Win32
		{BB9FCE27-550A-4AB1-ACF4-3BD7FB0E0B38}.Debug|x86.Build.0 = Debug|Win32
		{BB9FCE27-550A-4AB1-ACF4-3BD7FB0E0B38}.Release|x64.ActiveCfg = Release|x64
		{BB9FCE27-550A-4AB1-ACF4-3BD7FB0E0B38}.Release|x64.Build.0 = Release|x64
		{BB9FCE27-550A-4AB1-ACF4-3BD7FB0E0B38}.Release|x86.ActiveCfg = Release|Win32
		{BB9FCE27-550A-4AB1-ACF4-3BD7FB0E0B38}.Release|x86.Build.0 = Release|Win32
		{46FDA899-C59B-46E9-B249-04FC7F1F4306}.Debug|x64.ActiveCfg = Debug|x64
		{46FDA899-C59B-46E9-B249-04FC7F1F4306}.Debug|x64.Build.0 = Debug|x64
		{46FDA899-C59B-46E9-B249-04FC7F1F4306}.Debug|x86.ActiveCfg = Debug|Win32
		{46FDA899-C59B-46E9-B249-04FC7F1F4306}.Debug|x86.Build.0 = Debug|Win32
		{46FDA899-C59B-46E9-B249-04FC7F1F4306}.Release|x64.ActiveCfg = Release|x64
		{46FDA899-C59B-46E9-B249-04FC7F1F4306}.Release|x64.Build.0 = Release|x64
		{46FDA899-C59B-46E9-B249-04FC7F1F4306}.Release|x86.ActiveCfg = Release|Win32
		{46FDA899-C59B-46E9-B249-04FC7F1F4306}.Release|x86.Build.0 = Release|Win32
	EndGlobalSection
	GlobalSection(SolutionProperties) = preSolution
		HideSolutionNode = FALSE
	EndGlobalSection
	GlobalSection(ExtensibilityGlobals) = postSolution
		SolutionGuid = {A2D9A05B-82F9-4117-969D-61E3451886D7}
	EndGlobalSection
EndGlobal
